
Microsoft Visual Studio Solution File, Format Version 12.00
# Visual Studio Version 17
VisualStudioVersion = 17.9.34622.214
MinimumVisualStudioVersion = 10.0.40219.1
Project("{9A19103F-16F7-4668-BE54-9A1E7A4F7556}") = "Template.API", "Template.API\Template.API.csproj", "{ADA7000A-7435-47DA-A00C-F3BB02E27218}"
EndProject
Project("{2150E333-8FDC-42A3-9474-1A3956D46DE8}") = "src", "src", "{02EA681E-C7D8-13C7-8484-4AC65E1B71E8}"
EndProject
Project("{2150E333-8FDC-42A3-9474-1A3956D46DE8}") = "Modules", "Modules", "{F04F15B2-BF12-43C2-9642-EACEFFAD16C6}"
EndProject
Project("{FAE04EC0-301F-11D3-BF4B-00C04F79EFBC}") = "Modules.Users.Domain", "Modules.Users.Domain\Modules.Users.Domain.csproj", "{87FE65BE-26BA-4A9A-B416-8AFB71B15729}"
EndProject
Project("{FAE04EC0-301F-11D3-BF4B-00C04F79EFBC}") = "Modules.Users.Application", "Modules.Users.Application\Modules.Users.Application.csproj", "{8F4840B3-FD19-44DC-9021-CF4773250313}"
EndProject
Project("{2150E333-8FDC-42A3-9474-1A3956D46DE8}") = "Users", "Users", "{E837AD09-274A-4DBC-AA94-EF4C405D94E5}"
EndProject
Project("{FAE04EC0-301F-11D3-BF4B-00C04F79EFBC}") = "Modules.Users.Infrastructure", "Modules.Users.Infrastructure\Modules.Users.Infrastructure.csproj", "{17B63CA8-EA30-1DCE-66A9-B9DB25810916}"
EndProject
Project("{FAE04EC0-301F-11D3-BF4B-00C04F79EFBC}") = "Modules.Users.Endpoints", "Modules.Users.Endpoints\Modules.Users.Endpoints.csproj", "{4A31BE72-481C-BC33-6CD1-9A14306557F2}"
EndProject
Project("{2150E333-8FDC-42A3-9474-1A3956D46DE8}") = "Accounts", "Accounts", "{ECA6C4D9-8E32-4388-A28C-AC35036498C5}"
EndProject
Project("{2150E333-8FDC-42A3-9474-1A3956D46DE8}") = "Transactions", "Transactions", "{11582D65-9393-459A-B415-FFB6706E71F5}"
EndProject
Project("{FAE04EC0-301F-11D3-BF4B-00C04F79EFBC}") = "Modules.Accounts.Domain", "Modules.Accounts.Domain\Modules.Accounts.Domain.csproj", "{1000DB5F-40AE-4EB1-BEEC-077A7D4D3023}"
EndProject
Project("{FAE04EC0-301F-11D3-BF4B-00C04F79EFBC}") = "Modules.Accounts.Application", "Modules.Accounts.Application\Modules.Accounts.Application.csproj", "{C33F6472-9B9D-43A0-8847-129CC93C88B7}"
EndProject
Project("{FAE04EC0-301F-11D3-BF4B-00C04F79EFBC}") = "Modules.Accounts.Infrastructure", "Modules.Accounts.Infrastructure\Modules.Accounts.Infrastructure.csproj", "{8F4738DE-C2AD-42AC-8793-33CFCAF6CCC2}"
EndProject
Project("{FAE04EC0-301F-11D3-BF4B-00C04F79EFBC}") = "Modules.Accounts.Endpoints", "Modules.Accounts.Endpoints\Modules.Accounts.Endpoints.csproj", "{9CF8AE47-701D-45FB-9CA9-EED165871EB7}"
EndProject
Project("{FAE04EC0-301F-11D3-BF4B-00C04F79EFBC}") = "Modules.Transactions.Domain", "Modules.Transactions.Domain\Modules.Transactions.Domain.csproj", "{314972AC-F991-422B-97A0-4F91AE37980A}"
EndProject
Project("{FAE04EC0-301F-11D3-BF4B-00C04F79EFBC}") = "Modules.Transactions.Application", "Modules.Transactions.Application\Modules.Transactions.Application.csproj", "{A4BE6F55-1AE7-40FA-87D5-6BF93D963F87}"
EndProject
Project("{FAE04EC0-301F-11D3-BF4B-00C04F79EFBC}") = "Modules.Transactions.Infrastructure", "Modules.Transactions.Infrastructure\Modules.Transactions.Infrastructure.csproj", "{2C6B8039-832A-4F70-AAFA-581B7B157713}"
EndProject
Project("{FAE04EC0-301F-11D3-BF4B-00C04F79EFBC}") = "Modules.Transactions.Endpoints", "Modules.Transactions.Endpoints\Modules.Transactions.Endpoints.csproj", "{6C4D9C7C-EE05-4F9E-8E84-A75F1FCFC2A0}"
EndProject
Project("{2150E333-8FDC-42A3-9474-1A3956D46DE8}") = "Common", "Common", "{874E9F1A-E227-4C44-A27D-8182DA499808}"
EndProject
Project("{FAE04EC0-301F-11D3-BF4B-00C04F79EFBC}") = "Common.SharedClasses", "Common.SharedClasses\Common.SharedClasses.csproj", "{E5B1B05C-9AA8-4F4A-B855-1C423F4D5662}"
EndProject
Global
	GlobalSection(SolutionConfigurationPlatforms) = preSolution
		Debug|Any CPU = Debug|Any CPU
		Release|Any CPU = Release|Any CPU
	EndGlobalSection
	GlobalSection(ProjectConfigurationPlatforms) = postSolution
		{ADA7000A-7435-47DA-A00C-F3BB02E27218}.Debug|Any CPU.ActiveCfg = Debug|Any CPU
		{ADA7000A-7435-47DA-A00C-F3BB02E27218}.Debug|Any CPU.Build.0 = Debug|Any CPU
		{ADA7000A-7435-47DA-A00C-F3BB02E27218}.Release|Any CPU.ActiveCfg = Release|Any CPU
		{ADA7000A-7435-47DA-A00C-F3BB02E27218}.Release|Any CPU.Build.0 = Release|Any CPU
		{87FE65BE-26BA-4A9A-B416-8AFB71B15729}.Debug|Any CPU.ActiveCfg = Debug|Any CPU
		{87FE65BE-26BA-4A9A-B416-8AFB71B15729}.Debug|Any CPU.Build.0 = Debug|Any CPU
		{87FE65BE-26BA-4A9A-B416-8AFB71B15729}.Release|Any CPU.ActiveCfg = Release|Any CPU
		{87FE65BE-26BA-4A9A-B416-8AFB71B15729}.Release|Any CPU.Build.0 = Release|Any CPU
		{8F4840B3-FD19-44DC-9021-CF4773250313}.Debug|Any CPU.ActiveCfg = Debug|Any CPU
		{8F4840B3-FD19-44DC-9021-CF4773250313}.Debug|Any CPU.Build.0 = Debug|Any CPU
		{8F4840B3-FD19-44DC-9021-CF4773250313}.Release|Any CPU.ActiveCfg = Release|Any CPU
		{8F4840B3-FD19-44DC-9021-CF4773250313}.Release|Any CPU.Build.0 = Release|Any CPU
		{17B63CA8-EA30-1DCE-66A9-B9DB25810916}.Debug|Any CPU.ActiveCfg = Debug|Any CPU
		{17B63CA8-EA30-1DCE-66A9-B9DB25810916}.Debug|Any CPU.Build.0 = Debug|Any CPU
		{17B63CA8-EA30-1DCE-66A9-B9DB25810916}.Release|Any CPU.ActiveCfg = Release|Any CPU
		{17B63CA8-EA30-1DCE-66A9-B9DB25810916}.Release|Any CPU.Build.0 = Release|Any CPU
		{4A31BE72-481C-BC33-6CD1-9A14306557F2}.Debug|Any CPU.ActiveCfg = Debug|Any CPU
		{4A31BE72-481C-BC33-6CD1-9A14306557F2}.Debug|Any CPU.Build.0 = Debug|Any CPU
		{4A31BE72-481C-BC33-6CD1-9A14306557F2}.Release|Any CPU.ActiveCfg = Release|Any CPU
		{4A31BE72-481C-BC33-6CD1-9A14306557F2}.Release|Any CPU.Build.0 = Release|Any CPU
		{1000DB5F-40AE-4EB1-BEEC-077A7D4D3023}.Debug|Any CPU.ActiveCfg = Debug|Any CPU
		{1000DB5F-40AE-4EB1-BEEC-077A7D4D3023}.Debug|Any CPU.Build.0 = Debug|Any CPU
		{1000DB5F-40AE-4EB1-BEEC-077A7D4D3023}.Release|Any CPU.ActiveCfg = Release|Any CPU
		{1000DB5F-40AE-4EB1-BEEC-077A7D4D3023}.Release|Any CPU.Build.0 = Release|Any CPU
		{C33F6472-9B9D-43A0-8847-129CC93C88B7}.Debug|Any CPU.ActiveCfg = Debug|Any CPU
		{C33F6472-9B9D-43A0-8847-129CC93C88B7}.Debug|Any CPU.Build.0 = Debug|Any CPU
		{C33F6472-9B9D-43A0-8847-129CC93C88B7}.Release|Any CPU.ActiveCfg = Release|Any CPU
		{C33F6472-9B9D-43A0-8847-129CC93C88B7}.Release|Any CPU.Build.0 = Release|Any CPU
		{8F4738DE-C2AD-42AC-8793-33CFCAF6CCC2}.Debug|Any CPU.ActiveCfg = Debug|Any CPU
		{8F4738DE-C2AD-42AC-8793-33CFCAF6CCC2}.Debug|Any CPU.Build.0 = Debug|Any CPU
		{8F4738DE-C2AD-42AC-8793-33CFCAF6CCC2}.Release|Any CPU.ActiveCfg = Release|Any CPU
		{8F4738DE-C2AD-42AC-8793-33CFCAF6CCC2}.Release|Any CPU.Build.0 = Release|Any CPU
		{9CF8AE47-701D-45FB-9CA9-EED165871EB7}.Debug|Any CPU.ActiveCfg = Debug|Any CPU
		{9CF8AE47-701D-45FB-9CA9-EED165871EB7}.Debug|Any CPU.Build.0 = Debug|Any CPU
		{9CF8AE47-701D-45FB-9CA9-EED165871EB7}.Release|Any CPU.ActiveCfg = Release|Any CPU
		{9CF8AE47-701D-45FB-9CA9-EED165871EB7}.Release|Any CPU.Build.0 = Release|Any CPU
		{314972AC-F991-422B-97A0-4F91AE37980A}.Debug|Any CPU.ActiveCfg = Debug|Any CPU
		{314972AC-F991-422B-97A0-4F91AE37980A}.Debug|Any CPU.Build.0 = Debug|Any CPU
		{314972AC-F991-422B-97A0-4F91AE37980A}.Release|Any CPU.ActiveCfg = Release|Any CPU
		{314972AC-F991-422B-97A0-4F91AE37980A}.Release|Any CPU.Build.0 = Release|Any CPU
		{A4BE6F55-1AE7-40FA-87D5-6BF93D963F87}.Debug|Any CPU.ActiveCfg = Debug|Any CPU
		{A4BE6F55-1AE7-40FA-87D5-6BF93D963F87}.Debug|Any CPU.Build.0 = Debug|Any CPU
		{A4BE6F55-1AE7-40FA-87D5-6BF93D963F87}.Release|Any CPU.ActiveCfg = Release|Any CPU
		{A4BE6F55-1AE7-40FA-87D5-6BF93D963F87}.Release|Any CPU.Build.0 = Release|Any CPU
		{2C6B8039-832A-4F70-AAFA-581B7B157713}.Debug|Any CPU.ActiveCfg = Debug|Any CPU
		{2C6B8039-832A-4F70-AAFA-581B7B157713}.Debug|Any CPU.Build.0 = Debug|Any CPU
		{2C6B8039-832A-4F70-AAFA-581B7B157713}.Release|Any CPU.ActiveCfg = Release|Any CPU
		{2C6B8039-832A-4F70-AAFA-581B7B157713}.Release|Any CPU.Build.0 = Release|Any CPU
		{6C4D9C7C-EE05-4F9E-8E84-A75F1FCFC2A0}.Debug|Any CPU.ActiveCfg = Debug|Any CPU
		{6C4D9C7C-EE05-4F9E-8E84-A75F1FCFC2A0}.Debug|Any CPU.Build.0 = Debug|Any CPU
		{6C4D9C7C-EE05-4F9E-8E84-A75F1FCFC2A0}.Release|Any CPU.ActiveCfg = Release|Any CPU
		{6C4D9C7C-EE05-4F9E-8E84-A75F1FCFC2A0}.Release|Any CPU.Build.0 = Release|Any CPU
		{E5B1B05C-9AA8-4F4A-B855-1C423F4D5662}.Debug|Any CPU.ActiveCfg = Debug|Any CPU
		{E5B1B05C-9AA8-4F4A-B855-1C423F4D5662}.Debug|Any CPU.Build.0 = Debug|Any CPU
		{E5B1B05C-9AA8-4F4A-B855-1C423F4D5662}.Release|Any CPU.ActiveCfg = Release|Any CPU
		{E5B1B05C-9AA8-4F4A-B855-1C423F4D5662}.Release|Any CPU.Build.0 = Release|Any CPU
	EndGlobalSection
	GlobalSection(SolutionProperties) = preSolution
		HideSolutionNode = FALSE
	EndGlobalSection
	GlobalSection(NestedProjects) = preSolution
		{F04F15B2-BF12-43C2-9642-EACEFFAD16C6} = {02EA681E-C7D8-13C7-8484-4AC65E1B71E8}
		{87FE65BE-26BA-4A9A-B416-8AFB71B15729} = {E837AD09-274A-4DBC-AA94-EF4C405D94E5}
		{8F4840B3-FD19-44DC-9021-CF4773250313} = {E837AD09-274A-4DBC-AA94-EF4C405D94E5}
		{E837AD09-274A-4DBC-AA94-EF4C405D94E5} = {F04F15B2-BF12-43C2-9642-EACEFFAD16C6}
		{17B63CA8-EA30-1DCE-66A9-B9DB25810916} = {E837AD09-274A-4DBC-AA94-EF4C405D94E5}
		{4A31BE72-481C-BC33-6CD1-9A14306557F2} = {E837AD09-274A-4DBC-AA94-EF4C405D94E5}
		{ECA6C4D9-8E32-4388-A28C-AC35036498C5} = {F04F15B2-BF12-43C2-9642-EACEFFAD16C6}
		{11582D65-9393-459A-B415-FFB6706E71F5} = {F04F15B2-BF12-43C2-9642-EACEFFAD16C6}
		{1000DB5F-40AE-4EB1-BEEC-077A7D4D3023} = {ECA6C4D9-8E32-4388-A28C-AC35036498C5}
		{C33F6472-9B9D-43A0-8847-129CC93C88B7} = {ECA6C4D9-8E32-4388-A28C-AC35036498C5}
		{8F4738DE-C2AD-42AC-8793-33CFCAF6CCC2} = {ECA6C4D9-8E32-4388-A28C-AC35036498C5}
		{9CF8AE47-701D-45FB-9CA9-EED165871EB7} = {ECA6C4D9-8E32-4388-A28C-AC35036498C5}
		{314972AC-F991-422B-97A0-4F91AE37980A} = {11582D65-9393-459A-B415-FFB6706E71F5}
		{A4BE6F55-1AE7-40FA-87D5-6BF93D963F87} = {11582D65-9393-459A-B415-FFB6706E71F5}
		{2C6B8039-832A-4F70-AAFA-581B7B157713} = {11582D65-9393-459A-B415-FFB6706E71F5}
		{6C4D9C7C-EE05-4F9E-8E84-A75F1FCFC2A0} = {11582D65-9393-459A-B415-FFB6706E71F5}
		{874E9F1A-E227-4C44-A27D-8182DA499808} = {02EA681E-C7D8-13C7-8484-4AC65E1B71E8}
		{E5B1B05C-9AA8-4F4A-B855-1C423F4D5662} = {874E9F1A-E227-4C44-A27D-8182DA499808}
	EndGlobalSection
	GlobalSection(ExtensibilityGlobals) = postSolution
		SolutionGuid = {B3602DD8-97B0-42E2-B939-8B20106410B9}
	EndGlobalSection
EndGlobal
